PODS:
  - FlutterMacOS (1.0.0)
  - jolt_ffi (0.0.1):
    - FlutterMacOS

DEPENDENCIES:
  - FlutterMacOS (from `Flutter/ephemeral`)
  - jolt_ffi (from `Flutter/ephemeral/.symlinks/plugins/jolt_ffi/macos`)

EXTERNAL SOURCES:
  FlutterMacOS:
    :path: Flutter/ephemeral
  jolt_ffi:
    :path: Flutter/ephemeral/.symlinks/plugins/jolt_ffi/macos

SPEC CHECKSUMS:
  FlutterMacOS: 8f6f14fa908a6fb3fba0cd85dbd81ec4b251fb24
  jolt_ffi: b693450ebdf5d8f24ea39f97b2bbc0bfa49a2889

PODFILE CHECKSUM: 236401fc2c932af29a9fcf0e97baeeb2d750d367

COCOAPODS: 1.11.3
